// !$*UTF8*$!
{
	archiveVersion = 1;
	classes = {
	};
	objectVersion = 55;
	objects = {

/* Begin PBXBuildFile section */
		A71EB64927BE5D8200F474A0 /* WordleApp.swift in Sources */ = {isa = PBXBuildFile; fileRef = A71EB64827BE5D8200F474A0 /* WordleApp.swift */; };
		A71EB64B27BE5D8200F474A0 /* GameView.swift in Sources */ = {isa = PBXBuildFile; fileRef = A71EB64A27BE5D8200F474A0 /* GameView.swift */; };
		A71EB64D27BE5D8400F474A0 /* Assets.xcassets in Resources */ = {isa = PBXBuildFile; fileRef = A71EB64C27BE5D8400F474A0 /* Assets.xcassets */; };
		A71EB65027BE5D8400F474A0 /* Preview Assets.xcassets in Resources */ = {isa = PBXBuildFile; fileRef = A71EB64F27BE5D8400F474A0 /* Preview Assets.xcassets */; };
		A71EB65727BE5EDC00F474A0 /* Launch Screen.storyboard in Resources */ = {isa = PBXBuildFile; fileRef = A71EB65627BE5EDC00F474A0 /* Launch Screen.storyboard */; };
		A71EB65A27BE65D000F474A0 /* Color+Extension.swift in Sources */ = {isa = PBXBuildFile; fileRef = A71EB65927BE65CF00F474A0 /* Color+Extension.swift */; };
		A71EB65D27BE67EB00F474A0 /* Guess.swift in Sources */ = {isa = PBXBuildFile; fileRef = A71EB65C27BE67EB00F474A0 /* Guess.swift */; };
		A71EB66027BE688600F474A0 /* GuessView.swift in Sources */ = {isa = PBXBuildFile; fileRef = A71EB65F27BE688600F474A0 /* GuessView.swift */; };
		A71EB66327BE704100F474A0 /* WordleDataModel.swift in Sources */ = {isa = PBXBuildFile; fileRef = A71EB66227BE704100F474A0 /* WordleDataModel.swift */; };
		A71EB66527BE712A00F474A0 /* Global.swift in Sources */ = {isa = PBXBuildFile; fileRef = A71EB66427BE712A00F474A0 /* Global.swift */; };
		A71EB66727BE83BC00F474A0 /* KeyboardView.swift in Sources */ = {isa = PBXBuildFile; fileRef = A71EB66627BE83BC00F474A0 /* KeyboardView.swift */; };
		A71EB66927BE83F100F474A0 /* LetterButtonView.swift in Sources */ = {isa = PBXBuildFile; fileRef = A71EB66827BE83F100F474A0 /* LetterButtonView.swift */; };
		A71EB67427BFDE6400F474A0 /* Shake.swift in Sources */ = {isa = PBXBuildFile; fileRef = A71EB67327BFDE6400F474A0 /* Shake.swift */; };
		A71EB67627C3ADB200F474A0 /* FlipView.swift in Sources */ = {isa = PBXBuildFile; fileRef = A71EB67527C3ADB200F474A0 /* FlipView.swift */; };
		A77B055427CFAF4400218098 /* ToastView.swift in Sources */ = {isa = PBXBuildFile; fileRef = A77B055327CFAF4400218098 /* ToastView.swift */; };
		A77B055627CFC92000218098 /* Statistic.swift in Sources */ = {isa = PBXBuildFile; fileRef = A77B055527CFC92000218098 /* Statistic.swift */; };
		A77B055827CFD08C00218098 /* StatsView.swift in Sources */ = {isa = PBXBuildFile; fileRef = A77B055727CFD08C00218098 /* StatsView.swift */; };
		A77B055A27D2092700218098 /* UIWindow+Extension.swift in Sources */ = {isa = PBXBuildFile; fileRef = A77B055927D2092700218098 /* UIWindow+Extension.swift */; };
		A77B055C27D22C2C00218098 /* ColorSchemeManager.swift in Sources */ = {isa = PBXBuildFile; fileRef = A77B055B27D22C2C00218098 /* ColorSchemeManager.swift */; };
		A77B056027D2300900218098 /* SettingsView.swift in Sources */ = {isa = PBXBuildFile; fileRef = A77B055F27D2300900218098 /* SettingsView.swift */; };
/* End PBXBuildFile section */

/* Begin PBXFileReference section */
		A71EB64527BE5D8200F474A0 /* Wordle.app */ = {isa = PBXFileReference; explicitFileType = wrapper.application; includeInIndex = 0; path = Wordle.app; sourceTree = BUILT_PRODUCTS_DIR; };
		A71EB64827BE5D8200F474A0 /* WordleApp.swift */ = {isa = PBXFileReference; lastKnownFileType = sourcecode.swift; path = WordleApp.swift; sourceTree = "<group>"; };
		A71EB64A27BE5D8200F474A0 /* GameView.swift */ = {isa = PBXFileReference; lastKnownFileType = sourcecode.swift; path = GameView.swift; sourceTree = "<group>"; };
		A71EB64C27BE5D8400F474A0 /* Assets.xcassets */ = {isa = PBXFileReference; lastKnownFileType = folder.assetcatalog; path = Assets.xcassets; sourceTree = "<group>"; };
		A71EB64F27BE5D8400F474A0 /* Preview Assets.xcassets */ = {isa = PBXFileReference; lastKnownFileType = folder.assetcatalog; path = "Preview Assets.xcassets"; sourceTree = "<group>"; };
		A71EB65627BE5EDC00F474A0 /* Launch Screen.storyboard */ = {isa = PBXFileReference; lastKnownFileType = file.storyboard; path = "Launch Screen.storyboard"; sourceTree = "<group>"; };
		A71EB65927BE65CF00F474A0 /* Color+Extension.swift */ = {isa = PBXFileReference; lastKnownFileType = sourcecode.swift; path = "Color+Extension.swift"; sourceTree = "<group>"; };
		A71EB65C27BE67EB00F474A0 /* Guess.swift */ = {isa = PBXFileReference; lastKnownFileType = sourcecode.swift; path = Guess.swift; sourceTree = "<group>"; };
		A71EB65F27BE688600F474A0 /* GuessView.swift */ = {isa = PBXFileReference; lastKnownFileType = sourcecode.swift; path = GuessView.swift; sourceTree = "<group>"; };
		A71EB66227BE704100F474A0 /* WordleDataModel.swift */ = {isa = PBXFileReference; lastKnownFileType = sourcecode.swift; path = WordleDataModel.swift; sourceTree = "<group>"; };
		A71EB66427BE712A00F474A0 /* Global.swift */ = {isa = PBXFileReference; lastKnownFileType = sourcecode.swift; path = Global.swift; sourceTree = "<group>"; };
		A71EB66627BE83BC00F474A0 /* KeyboardView.swift */ = {isa = PBXFileReference; lastKnownFileType = sourcecode.swift; path = KeyboardView.swift; sourceTree = "<group>"; };
		A71EB66827BE83F100F474A0 /* LetterButtonView.swift */ = {isa = PBXFileReference; lastKnownFileType = sourcecode.swift; path = LetterButtonView.swift; sourceTree = "<group>"; };
		A71EB67327BFDE6400F474A0 /* Shake.swift */ = {isa = PBXFileReference; lastKnownFileType = sourcecode.swift; path = Shake.swift; sourceTree = "<group>"; };
		A71EB67527C3ADB200F474A0 /* FlipView.swift */ = {isa = PBXFileReference; lastKnownFileType = sourcecode.swift; path = FlipView.swift; sourceTree = "<group>"; };
		A77B055327CFAF4400218098 /* ToastView.swift */ = {isa = PBXFileReference; lastKnownFileType = sourcecode.swift; path = ToastView.swift; sourceTree = "<group>"; };
		A77B055527CFC92000218098 /* Statistic.swift */ = {isa = PBXFileReference; lastKnownFileType = sourcecode.swift; path = Statistic.swift; sourceTree = "<group>"; };
		A77B055727CFD08C00218098 /* StatsView.swift */ = {isa = PBXFileReference; lastKnownFileType = sourcecode.swift; path = StatsView.swift; sourceTree = "<group>"; };
		A77B055927D2092700218098 /* UIWindow+Extension.swift */ = {isa = PBXFileReference; lastKnownFileType = sourcecode.swift; path = "UIWindow+Extension.swift"; sourceTree = "<group>"; };
		A77B055B27D22C2C00218098 /* ColorSchemeManager.swift */ = {isa = PBXFileReference; lastKnownFileType = sourcecode.swift; path = ColorSchemeManager.swift; sourceTree = "<group>"; };
		A77B055F27D2300900218098 /* SettingsView.swift */ = {isa = PBXFileReference; lastKnownFileType = sourcecode.swift; path = SettingsView.swift; sourceTree = "<group>"; };
/* End PBXFileReference section */

/* Begin PBXFrameworksBuildPhase section */
		A71EB64227BE5D8200F474A0 /* Frameworks */ = {
			isa = PBXFrameworksBuildPhase;
			buildActionMask = 2147483647;
			files = (
			);
			runOnlyForDeploymentPostprocessing = 0;
		};
/* End PBXFrameworksBuildPhase section */

/* Begin PBXGroup section */
		A71EB63C27BE5D8200F474A0 = {
			isa = PBXGroup;
			children = (
				A71EB64727BE5D8200F474A0 /* Wordle */,
				A71EB64627BE5D8200F474A0 /* Products */,
			);
			sourceTree = "<group>";
		};
		A71EB64627BE5D8200F474A0 /* Products */ = {
			isa = PBXGroup;
			children = (
				A71EB64527BE5D8200F474A0 /* Wordle.app */,
			);
			name = Products;
			sourceTree = "<group>";
		};
		A71EB64727BE5D8200F474A0 /* Wordle */ = {
			isa = PBXGroup;
			children = (
				A71EB67027BFDE3400F474A0 /* Animations */,
				A71EB65B27BE67D700F474A0 /* Models */,
				A71EB65E27BE687200F474A0 /* Views */,
				A71EB66127BE703200F474A0 /* ViewModels */,
				A71EB65827BE65BF00F474A0 /* Extensions */,
				A71EB64827BE5D8200F474A0 /* WordleApp.swift */,
				A71EB64C27BE5D8400F474A0 /* Assets.xcassets */,
				A71EB65627BE5EDC00F474A0 /* Launch Screen.storyboard */,
				A71EB64E27BE5D8400F474A0 /* Preview Content */,
			);
			path = Wordle;
			sourceTree = "<group>";
		};
		A71EB64E27BE5D8400F474A0 /* Preview Content */ = {
			isa = PBXGroup;
			children = (
				A71EB64F27BE5D8400F474A0 /* Preview Assets.xcassets */,
			);
			path = "Preview Content";
			sourceTree = "<group>";
		};
		A71EB65827BE65BF00F474A0 /* Extensions */ = {
			isa = PBXGroup;
			children = (
				A71EB65927BE65CF00F474A0 /* Color+Extension.swift */,
				A77B055927D2092700218098 /* UIWindow+Extension.swift */,
			);
			path = Extensions;
			sourceTree = "<group>";
		};
		A71EB65B27BE67D700F474A0 /* Models */ = {
			isa = PBXGroup;
			children = (
				A71EB65C27BE67EB00F474A0 /* Guess.swift */,
				A71EB66427BE712A00F474A0 /* Global.swift */,
				A77B055527CFC92000218098 /* Statistic.swift */,
			);
			path = Models;
			sourceTree = "<group>";
		};
		A71EB65E27BE687200F474A0 /* Views */ = {
			isa = PBXGroup;
			children = (
				A71EB64A27BE5D8200F474A0 /* GameView.swift */,
				A71EB65F27BE688600F474A0 /* GuessView.swift */,
				A71EB66627BE83BC00F474A0 /* KeyboardView.swift */,
				A71EB66827BE83F100F474A0 /* LetterButtonView.swift */,
				A77B055327CFAF4400218098 /* ToastView.swift */,
				A77B055727CFD08C00218098 /* StatsView.swift */,
				A77B055F27D2300900218098 /* SettingsView.swift */,
			);
			path = Views;
			sourceTree = "<group>";
		};
		A71EB66127BE703200F474A0 /* ViewModels */ = {
			isa = PBXGroup;
			children = (
				A71EB66227BE704100F474A0 /* WordleDataModel.swift */,
				A77B055B27D22C2C00218098 /* ColorSchemeManager.swift */,
			);
			path = ViewModels;
			sourceTree = "<group>";
		};
		A71EB67027BFDE3400F474A0 /* Animations */ = {
			isa = PBXGroup;
			children = (
				A71EB67327BFDE6400F474A0 /* Shake.swift */,
				A71EB67527C3ADB200F474A0 /* FlipView.swift */,
			);
			path = Animations;
			sourceTree = "<group>";
		};
/* End PBXGroup section */

/* Begin PBXNativeTarget section */
		A71EB64427BE5D8200F474A0 /* Wordle */ = {
			isa = PBXNativeTarget;
			buildConfigurationList = A71EB65327BE5D8400F474A0 /* Build configuration list for PBXNativeTarget "Wordle" */;
			buildPhases = (
				A71EB64127BE5D8200F474A0 /* Sources */,
				A71EB64227BE5D8200F474A0 /* Frameworks */,
				A71EB64327BE5D8200F474A0 /* Resources */,
			);
			buildRules = (
			);
			dependencies = (
			);
			name = Wordle;
			productName = Wordle;
			productReference = A71EB64527BE5D8200F474A0 /* Wordle.app */;
			productType = "com.apple.product-type.application";
		};
/* End PBXNativeTarget section */

/* Begin PBXProject section */
		A71EB63D27BE5D8200F474A0 /* Project object */ = {
			isa = PBXProject;
			attributes = {
				BuildIndependentTargetsInParallel = 1;
				LastSwiftUpdateCheck = 1300;
				LastUpgradeCheck = 1300;
				TargetAttributes = {
					A71EB64427BE5D8200F474A0 = {
						CreatedOnToolsVersion = 13.0;
					};
				};
			};
			buildConfigurationList = A71EB64027BE5D8200F474A0 /* Build configuration list for PBXProject "Wordle" */;
			compatibilityVersion = "Xcode 13.0";
			developmentRegion = en;
			hasScannedForEncodings = 0;
			knownRegions = (
				en,
				Base,
			);
			mainGroup = A71EB63C27BE5D8200F474A0;
			productRefGroup = A71EB64627BE5D8200F474A0 /* Products */;
			projectDirPath = "";
			projectRoot = "";
			targets = (
				A71EB64427BE5D8200F474A0 /* Wordle */,
			);
		};
/* End PBXProject section */

/* Begin PBXResourcesBuildPhase section */
		A71EB64327BE5D8200F474A0 /* Resources */ = {
			isa = PBXResourcesBuildPhase;
			buildActionMask = 2147483647;
			files = (
				A71EB65727BE5EDC00F474A0 /* Launch Screen.storyboard in Resources */,
				A71EB65027BE5D8400F474A0 /* Preview Assets.xcassets in Resources */,
				A71EB64D27BE5D8400F474A0 /* Assets.xcassets in Resources */,
			);
			runOnlyForDeploymentPostprocessing = 0;
		};
/* End PBXResourcesBuildPhase section */

/* Begin PBXSourcesBuildPhase section */
		A71EB64127BE5D8200F474A0 /* Sources */ = {
			isa = PBXSourcesBuildPhase;
			buildActionMask = 2147483647;
			files = (
				A71EB64B27BE5D8200F474A0 /* GameView.swift in Sources */,
				A71EB67627C3ADB200F474A0 /* FlipView.swift in Sources */,
				A77B055C27D22C2C00218098 /* ColorSchemeManager.swift in Sources */,
				A71EB66727BE83BC00F474A0 /* KeyboardView.swift in Sources */,
				A71EB66027BE688600F474A0 /* GuessView.swift in Sources */,
				A77B055427CFAF4400218098 /* ToastView.swift in Sources */,
				A71EB65A27BE65D000F474A0 /* Color+Extension.swift in Sources */,
				A71EB65D27BE67EB00F474A0 /* Guess.swift in Sources */,
				A71EB66327BE704100F474A0 /* WordleDataModel.swift in Sources */,
				A71EB67427BFDE6400F474A0 /* Shake.swift in Sources */,
				A71EB64927BE5D8200F474A0 /* WordleApp.swift in Sources */,
				A71EB66927BE83F100F474A0 /* LetterButtonView.swift in Sources */,
				A77B055A27D2092700218098 /* UIWindow+Extension.swift in Sources */,
				A77B056027D2300900218098 /* SettingsView.swift in Sources */,
				A71EB66527BE712A00F474A0 /* Global.swift in Sources */,
				A77B055827CFD08C00218098 /* StatsView.swift in Sources */,
				A77B055627CFC92000218098 /* Statistic.swift in Sources */,
			);
			runOnlyForDeploymentPostprocessing = 0;
		};
/* End PBXSourcesBuildPhase section */

/* Begin XCBuildConfiguration section */
		A71EB65127BE5D8400F474A0 /* Debug */ = {
			isa = XCBuildConfiguration;
			buildSettings = {
				ALWAYS_SEARCH_USER_PATHS = NO;
				CLANG_ANALYZER_NONNULL = YES;
				CLANG_ANALYZER_NUMBER_OBJECT_CONVERSION = YES_AGGRESSIVE;
				CLANG_CXX_LANGUAGE_STANDARD = "gnu++17";
				CLANG_CXX_LIBRARY = "libc++";
				CLANG_ENABLE_MODULES = YES;
				CLANG_ENABLE_OBJC_ARC = YES;
				CLANG_ENABLE_OBJC_WEAK = YES;
				CLANG_WARN_BLOCK_CAPTURE_AUTORELEASING = YES;
				CLANG_WARN_BOOL_CONVERSION = YES;
				CLANG_WARN_COMMA = YES;
				CLANG_WARN_CONSTANT_CONVERSION = YES;
				CLANG_WARN_DEPRECATED_OBJC_IMPLEMENTATIONS = YES;
				CLANG_WARN_DIRECT_OBJC_ISA_USAGE = YES_ERROR;
				CLANG_WARN_DOCUMENTATION_COMMENTS = YES;
				CLANG_WARN_EMPTY_BODY = YES;
				CLANG_WARN_ENUM_CONVERSION = YES;
				CLANG_WARN_INFINITE_RECURSION = YES;
				CLANG_WARN_INT_CONVERSION = YES;
				CLANG_WARN_NON_LITERAL_NULL_CONVERSION = YES;
				CLANG_WARN_OBJC_IMPLICIT_RETAIN_SELF = YES;
				CLANG_WARN_OBJC_LITERAL_CONVERSION = YES;
				CLANG_WARN_OBJC_ROOT_CLASS = YES_ERROR;
				CLANG_WARN_QUOTED_INCLUDE_IN_FRAMEWORK_HEADER = YES;
				CLANG_WARN_RANGE_LOOP_ANALYSIS = YES;
				CLANG_WARN_STRICT_PROTOTYPES = YES;
				CLANG_WARN_SUSPICIOUS_MOVE = YES;
				CLANG_WARN_UNGUARDED_AVAILABILITY = YES_AGGRESSIVE;
				CLANG_WARN_UNREACHABLE_CODE = YES;
				CLANG_WARN__DUPLICATE_METHOD_MATCH = YES;
				COPY_PHASE_STRIP = NO;
				DEBUG_INFORMATION_FORMAT = dwarf;
				ENABLE_STRICT_OBJC_MSGSEND = YES;
				ENABLE_TESTABILITY = YES;
				GCC_C_LANGUAGE_STANDARD = gnu11;
				GCC_DYNAMIC_NO_PIC = NO;
				GCC_NO_COMMON_BLOCKS = YES;
				GCC_OPTIMIZATION_LEVEL = 0;
				GCC_PREPROCESSOR_DEFINITIONS = (
					"DEBUG=1",
					"$(inherited)",
				);
				GCC_WARN_64_TO_32_BIT_CONVERSION = YES;
				GCC_WARN_ABOUT_RETURN_TYPE = YES_ERROR;
				GCC_WARN_UNDECLARED_SELECTOR = YES;
				GCC_WARN_UNINITIALIZED_AUTOS = YES_AGGRESSIVE;
				GCC_WARN_UNUSED_FUNCTION = YES;
				GCC_WARN_UNUSED_VARIABLE = YES;
				IPHONEOS_DEPLOYMENT_TARGET = 15.0;
				MTL_ENABLE_DEBUG_INFO = INCLUDE_SOURCE;
				MTL_FAST_MATH = YES;
				ONLY_ACTIVE_ARCH = YES;
				SDKROOT = iphoneos;
				SWIFT_ACTIVE_COMPILATION_CONDITIONS = DEBUG;
				SWIFT_OPTIMIZATION_LEVEL = "-Onone";
			};
			name = Debug;
		};
		A71EB65227BE5D8400F474A0 /* Release */ = {
			isa = XCBuildConfiguration;
			buildSettings = {
				ALWAYS_SEARCH_USER_PATHS = NO;
				CLANG_ANALYZER_NONNULL = YES;
				CLANG_ANALYZER_NUMBER_OBJECT_CONVERSION = YES_AGGRESSIVE;
				CLANG_CXX_LANGUAGE_STANDARD = "gnu++17";
				CLANG_CXX_LIBRARY = "libc++";
				CLANG_ENABLE_MODULES = YES;
				CLANG_ENABLE_OBJC_ARC = YES;
				CLANG_ENABLE_OBJC_WEAK = YES;
				CLANG_WARN_BLOCK_CAPTURE_AUTORELEASING = YES;
				CLANG_WARN_BOOL_CONVERSION = YES;
				CLANG_WARN_COMMA = YES;
				CLANG_WARN_CONSTANT_CONVERSION = YES;
				CLANG_WARN_DEPRECATED_OBJC_IMPLEMENTATIONS = YES;
				CLANG_WARN_DIRECT_OBJC_ISA_USAGE = YES_ERROR;
				CLANG_WARN_DOCUMENTATION_COMMENTS = YES;
				CLANG_WARN_EMPTY_BODY = YES;
				CLANG_WARN_ENUM_CONVERSION = YES;
				CLANG_WARN_INFINITE_RECURSION = YES;
				CLANG_WARN_INT_CONVERSION = YES;
				CLANG_WARN_NON_LITERAL_NULL_CONVERSION = YES;
				CLANG_WARN_OBJC_IMPLICIT_RETAIN_SELF = YES;
				CLANG_WARN_OBJC_LITERAL_CONVERSION = YES;
				CLANG_WARN_OBJC_ROOT_CLASS = YES_ERROR;
				CLANG_WARN_QUOTED_INCLUDE_IN_FRAMEWORK_HEADER = YES;
				CLANG_WARN_RANGE_LOOP_ANALYSIS = YES;
				CLANG_WARN_STRICT_PROTOTYPES = YES;
				CLANG_WARN_SUSPICIOUS_MOVE = YES;
				CLANG_WARN_UNGUARDED_AVAILABILITY = YES_AGGRESSIVE;
				CLANG_WARN_UNREACHABLE_CODE = YES;
				CLANG_WARN__DUPLICATE_METHOD_MATCH = YES;
				COPY_PHASE_STRIP = NO;
				DEBUG_INFORMATION_FORMAT = "dwarf-with-dsym";
				ENABLE_NS_ASSERTIONS = NO;
				ENABLE_STRICT_OBJC_MSGSEND = YES;
				GCC_C_LANGUAGE_STANDARD = gnu11;
				GCC_NO_COMMON_BLOCKS = YES;
				GCC_WARN_64_TO_32_BIT_CONVERSION = YES;
				GCC_WARN_ABOUT_RETURN_TYPE = YES_ERROR;
				GCC_WARN_UNDECLARED_SELECTOR = YES;
				GCC_WARN_UNINITIALIZED_AUTOS = YES_AGGRESSIVE;
				GCC_WARN_UNUSED_FUNCTION = YES;
				GCC_WARN_UNUSED_VARIABLE = YES;
				IPHONEOS_DEPLOYMENT_TARGET = 15.0;
				MTL_ENABLE_DEBUG_INFO = NO;
				MTL_FAST_MATH = YES;
				SDKROOT = iphoneos;
				SWIFT_COMPILATION_MODE = wholemodule;
				SWIFT_OPTIMIZATION_LEVEL = "-O";
				VALIDATE_PRODUCT = YES;
			};
			name = Release;
		};
		A71EB65427BE5D8400F474A0 /* Debug */ = {
			isa = XCBuildConfiguration;
			buildSettings = {
				ASSETCATALOG_COMPILER_APPICON_NAME = AppIcon;
				ASSETCATALOG_COMPILER_GLOBAL_ACCENT_COLOR_NAME = AccentColor;
				CODE_SIGN_STYLE = Automatic;
				CURRENT_PROJECT_VERSION = 1;
				DEVELOPMENT_ASSET_PATHS = "\"Wordle/Preview Content\"";
				DEVELOPMENT_TEAM = F3Y5649G7F;
				ENABLE_PREVIEWS = YES;
				GENERATE_INFOPLIST_FILE = YES;
				INFOPLIST_KEY_UIApplicationSceneManifest_Generation = YES;
				INFOPLIST_KEY_UIApplicationSupportsIndirectInputEvents = YES;
				INFOPLIST_KEY_UILaunchScreen_Generation = YES;
				INFOPLIST_KEY_UILaunchStoryboardName = "Launch Screen";
				INFOPLIST_KEY_UIRequiresFullScreen = YES;
				INFOPLIST_KEY_UISupportedInterfaceOrientations_iPad = "UIInterfaceOrientationPortrait UIInterfaceOrientationPortraitUpsideDown UIInterfaceOrientationLandscapeLeft UIInterfaceOrientationLandscapeRight";
				INFOPLIST_KEY_UISupportedInterfaceOrientations_iPhone = UIInterfaceOrientationPortrait;
				IPHONEOS_DEPLOYMENT_TARGET = 14.0;
				LD_RUNPATH_SEARCH_PATHS = (
					"$(inherited)",
					"@executable_path/Frameworks",
				);
				MARKETING_VERSION = 1.0;
				PRODUCT_BUNDLE_IDENTIFIER = silvia.Wordle;
				PRODUCT_NAME = "$(TARGET_NAME)";
				SWIFT_EMIT_LOC_STRINGS = YES;
				SWIFT_VERSION = 5.0;
				TARGETED_DEVICE_FAMILY = "1,2";
			};
			name = Debug;
		};
		A71EB65527BE5D8400F474A0 /* Release */ = {
			isa = XCBuildConfiguration;
			buildSettings = {
				ASSETCATALOG_COMPILER_APPICON_NAME = AppIcon;
				ASSETCATALOG_COMPILER_GLOBAL_ACCENT_COLOR_NAME = AccentColor;
				CODE_SIGN_STYLE = Automatic;
				CURRENT_PROJECT_VERSION = 1;
				DEVELOPMENT_ASSET_PATHS = "\"Wordle/Preview Content\"";
				DEVELOPMENT_TEAM = F3Y5649G7F;
				ENABLE_PREVIEWS = YES;
				GENERATE_INFOPLIST_FILE = YES;
				INFOPLIST_KEY_UIApplicationSceneManifest_Generation = YES;
				INFOPLIST_KEY_UIApplicationSupportsIndirectInputEvents = YES;
				INFOPLIST_KEY_UILaunchScreen_Generation = YES;
				INFOPLIST_KEY_UILaunchStoryboardName = "Launch Screen";
				INFOPLIST_KEY_UIRequiresFullScreen = YES;
				INFOPLIST_KEY_UISupportedInterfaceOrientations_iPad = "UIInterfaceOrientationPortrait UIInterfaceOrientationPortraitUpsideDown UIInterfaceOrientationLandscapeLeft UIInterfaceOrientationLandscapeRight";
				INFOPLIST_KEY_UISupportedInterfaceOrientations_iPhone = UIInterfaceOrientationPortrait;
				IPHONEOS_DEPLOYMENT_TARGET = 14.0;
				LD_RUNPATH_SEARCH_PATHS = (
					"$(inherited)",
					"@executable_path/Frameworks",
				);
				MARKETING_VERSION = 1.0;
				PRODUCT_BUNDLE_IDENTIFIER = silvia.Wordle;
				PRODUCT_NAME = "$(TARGET_NAME)";
				SWIFT_EMIT_LOC_STRINGS = YES;
				SWIFT_VERSION = 5.0;
				TARGETED_DEVICE_FAMILY = "1,2";
			};
			name = Release;
		};
/* End XCBuildConfiguration section */

/* Begin XCConfigurationList section */
		A71EB64027BE5D8200F474A0 /* Build configuration list for PBXProject "Wordle" */ = {
			isa = XCConfigurationList;
			buildConfigurations = (
				A71EB65127BE5D8400F474A0 /* Debug */,
				A71EB65227BE5D8400F474A0 /* Release */,
			);
			defaultConfigurationIsVisible = 0;
			defaultConfigurationName = Release;
		};
		A71EB65327BE5D8400F474A0 /* Build configuration list for PBXNativeTarget "Wordle" */ = {
			isa = XCConfigurationList;
			buildConfigurations = (
				A71EB65427BE5D8400F474A0 /* Debug */,
				A71EB65527BE5D8400F474A0 /* Release */,
			);
			defaultConfigurationIsVisible = 0;
			defaultConfigurationName = Release;
		};
/* End XCConfigurationList section */
	};
	rootObject = A71EB63D27BE5D8200F474A0 /* Project object */;
}
